hash: 466de20b72e74b22e2d3990e9874353d5141b5d959da2a55d2a67d22923f0591
updated: 2017-05-23T15:39:00.4743853+08:00
imports:
- name: github.com/aliyun/aliyun-oss-go-sdk
  version: e6dbea820a9f304b43d3b357dd48ced23b86df72
  subpackages:
  - oss
- name: github.com/daviddengcn/go-colortext
  version: 805cee6e0d43c72ba1d4e3275965ff41e0da068a
- name: github.com/google/uuid
  version: 064e2069ce9c359c118179501254f67d7d37ba24
- name: github.com/lib/pq
  version: 2704adc878c21e1329f46f6e56a1c387d788ff94
  subpackages:
  - oid
- name: github.com/minio/blake2b-simd
  version: 3f5f724cb5b182a5c278d6d3d55b40e7f8c2efb4
testImports: []
