hash: 755c91a20e6e20932021ebb207a4908f614457b63f62f4794046bc05193d3c3a
updated: 2017-05-11T17:35:20.8490473+08:00
imports:
- name: github.com/daviddengcn/go-colortext
  version: 805cee6e0d43c72ba1d4e3275965ff41e0da068a
- name: github.com/lib/pq
  version: 2704adc878c21e1329f46f6e56a1c387d788ff94
  subpackages:
  - oid
- name: github.com/minio/blake2b-simd
  version: 3f5f724cb5b182a5c278d6d3d55b40e7f8c2efb4
testImports: []
